
Microsoft Visual Studio Solution File, Format Version 12.00
# Visual Studio 15
VisualStudioVersion = 15.0.27703.2035
MinimumVisualStudioVersion = 10.0.40219.1
Project("{FAE04EC0-301F-11D3-BF4B-00C04F79EFBC}") = "Homework2", "Homework2\Homework2.csproj", "{D9F1A9BC-BAA4-4CCC-8C2B-517904CA25E2}"
EndProject
Global
	GlobalSection(SolutionConfigurationPlatforms) = preSolution
		Debug|Any CPU = Debug|Any CPU
		Release|Any CPU = Release|Any CPU
	EndGlobalSection
	GlobalSection(ProjectConfigurationPlatforms) = postSolution
		{D9F1A9BC-BAA4-4CCC-8C2B-517904CA25E2}.Debug|Any CPU.ActiveCfg = Debug|Any CPU
		{D9F1A9BC-BAA4-4CCC-8C2B-517904CA25E2}.Debug|Any CPU.Build.0 = Debug|Any CPU
		{D9F1A9BC-BAA4-4CCC-8C2B-517904CA25E2}.Release|Any CPU.ActiveCfg = Release|Any CPU
		{D9F1A9BC-BAA4-4CCC-8C2B-517904CA25E2}.Release|Any CPU.Build.0 = Release|Any CPU
	EndGlobalSection
	GlobalSection(SolutionProperties) = preSolution
		HideSolutionNode = FALSE
	EndGlobalSection
	GlobalSection(ExtensibilityGlobals) = postSolution
		SolutionGuid = {69CC19E3-7CA1-49DF-A882-DC3FE219DD91}
	EndGlobalSection
EndGlobal
